
Microsoft Visual Studio Solution File, Format Version 12.00
# Visual Studio Version 17
VisualStudioVersion = 17.3.32929.385
MinimumVisualStudioVersion = 10.0.40219.1
Project("{FAE04EC0-301F-11D3-BF4B-00C04F79EFBC}") = "LINQAssignment", "LINQAssignment\LINQAssignment.csproj", "{104181E3-16DF-42D1-9AD1-C91034A7FE22}"
EndProject
Global
	GlobalSection(SolutionConfigurationPlatforms) = preSolution
		Debug|Any CPU = Debug|Any CPU
		Release|Any CPU = Release|Any CPU
	EndGlobalSection
	GlobalSection(ProjectConfigurationPlatforms) = postSolution
		{104181E3-16DF-42D1-9AD1-C91034A7FE22}.Debug|Any CPU.ActiveCfg = Debug|Any CPU
		{104181E3-16DF-42D1-9AD1-C91034A7FE22}.Debug|Any CPU.Build.0 = Debug|Any CPU
		{104181E3-16DF-42D1-9AD1-C91034A7FE22}.Release|Any CPU.ActiveCfg = Release|Any CPU
		{104181E3-16DF-42D1-9AD1-C91034A7FE22}.Release|Any CPU.Build.0 = Release|Any CPU
	EndGlobalSection
	GlobalSection(SolutionProperties) = preSolution
		HideSolutionNode = FALSE
	EndGlobalSection
	GlobalSection(ExtensibilityGlobals) = postSolution
		SolutionGuid = {8161B55E-A7C9-41B4-BF67-CD7F479F1B6C}
	EndGlobalSection
EndGlobal
